
Microsoft Visual Studio Solution File, Format Version 12.00
# Visual Studio Version 17
VisualStudioVersion = 17.0.31903.59
MinimumVisualStudioVersion = 10.0.40219.1
Project("{2150E333-8FDC-42A3-9474-1A3956D46DE8}") = "OtherFiles", "OtherFiles", "{0D35AED8-F6C6-4DC1-8869-0E2A3849B378}"
	ProjectSection(SolutionItems) = preProject
		.gitignore = .gitignore
		action.yml = action.yml
		Dockerfile = Dockerfile
		LICENSE = LICENSE
		README.md = README.md
	EndProjectSection
EndProject
Project("{FAE04EC0-301F-11D3-BF4B-00C04F79EFBC}") = "PriRa.GitHub.Actions.Ftp", "PriRa.GitHub.Actions.Ftp\PriRa.GitHub.Actions.Ftp.csproj", "{56BCF477-E910-4A63-BAB0-87AED77973DA}"
EndProject
Global
	GlobalSection(SolutionConfigurationPlatforms) = preSolution
		Debug|Any CPU = Debug|Any CPU
		Release|Any CPU = Release|Any CPU
	EndGlobalSection
	GlobalSection(ProjectConfigurationPlatforms) = postSolution
		{56BCF477-E910-4A63-BAB0-87AED77973DA}.Debug|Any CPU.ActiveCfg = Debug|Any CPU
		{56BCF477-E910-4A63-BAB0-87AED77973DA}.Debug|Any CPU.Build.0 = Debug|Any CPU
		{56BCF477-E910-4A63-BAB0-87AED77973DA}.Release|Any CPU.ActiveCfg = Release|Any CPU
		{56BCF477-E910-4A63-BAB0-87AED77973DA}.Release|Any CPU.Build.0 = Release|Any CPU
	EndGlobalSection
	GlobalSection(SolutionProperties) = preSolution
		HideSolutionNode = FALSE
	EndGlobalSection
	GlobalSection(ExtensibilityGlobals) = postSolution
		SolutionGuid = {A02DBC57-8F64-4DE5-8487-087E14085949}
	EndGlobalSection
EndGlobal
